
Microsoft Visual Studio Solution File, Format Version 12.00
# Visual Studio Version 17
VisualStudioVersion = 17.3.32825.248
MinimumVisualStudioVersion = 10.0.40219.1
Project("{FAE04EC0-301F-11D3-BF4B-00C04F79EFBC}") = "Week13SQLiteDB", "Week13SQLiteDB\Week13SQLiteDB.csproj", "{A6EF204D-C50F-4C2E-9536-8ECEB0AAF809}"
EndProject
Global
	GlobalSection(SolutionConfigurationPlatforms) = preSolution
		Debug|Any CPU = Debug|Any CPU
		Release|Any CPU = Release|Any CPU
	EndGlobalSection
	GlobalSection(ProjectConfigurationPlatforms) = postSolution
		{A6EF204D-C50F-4C2E-9536-8ECEB0AAF809}.Debug|Any CPU.ActiveCfg = Debug|Any CPU
		{A6EF204D-C50F-4C2E-9536-8ECEB0AAF809}.Debug|Any CPU.Build.0 = Debug|Any CPU
		{A6EF204D-C50F-4C2E-9536-8ECEB0AAF809}.Release|Any CPU.ActiveCfg = Release|Any CPU
		{A6EF204D-C50F-4C2E-9536-8ECEB0AAF809}.Release|Any CPU.Build.0 = Release|Any CPU
	EndGlobalSection
	GlobalSection(SolutionProperties) = preSolution
		HideSolutionNode = FALSE
	EndGlobalSection
	GlobalSection(ExtensibilityGlobals) = postSolution
		SolutionGuid = {6579297B-A0DB-45C3-8194-BF1F1AF660F8}
	EndGlobalSection
EndGlobal
